<?xml version="1.0" encoding="UTF-8" standalone="yes" ?>
<CodeBlocks_project_file>
	<FileVersion major="1" minor="6" />
	<Project>
		<Option title="TNCG15" />
		<Option pch_mode="2" />
		<Option compiler="gcc" />
		<Build>
			<Target title="Debug">
				<Option output="bin/Debug/TNCG15" prefix_auto="1" extension_auto="1" />
				<Option object_output="obj/Debug/" />
				<Option type="1" />
				<Option compiler="gcc" />
				<Compiler>
					<Add option="-g" />
					<Add directory="include" />
				</Compiler>
			</Target>
			<Target title="Release">
				<Option output="bin/Release/TNCG15" prefix_auto="1" extension_auto="1" />
				<Option object_output="obj/Release/" />
				<Option type="1" />
				<Option compiler="gcc" />
				<Compiler>
					<Add option="-O2" />
					<Add directory="include" />
				</Compiler>
				<Linker>
					<Add option="-s" />
				</Linker>
			</Target>
		</Build>
		<Compiler>
			<Add option="-Wall" />
			<Add option="-fexceptions" />
		</Compiler>
		<Unit filename="Camera.cpp" />
		<Unit filename="Camera.h" />
		<Unit filename="Lightsource.cpp" />
		<Unit filename="Lightsource.h" />
		<Unit filename="Pixel.cpp" />
		<Unit filename="Pixel.h" />
		<Unit filename="Ray.cpp" />
		<Unit filename="Ray.h" />
		<Unit filename="Scene.cpp" />
		<Unit filename="Scene.h" />
		<Unit filename="Sphere.cpp" />
		<Unit filename="Sphere.h" />
		<Unit filename="Surface.cpp" />
		<Unit filename="Surface.h" />
		<Unit filename="Tetrahedron.cpp" />
		<Unit filename="Tetrahedron.h" />
		<Unit filename="Triangle.cpp" />
		<Unit filename="Triangle.h" />
		<Unit filename="definitions.h" />
		<Unit filename="main.cpp" />
		<Extensions>
			<code_completion />
			<envvars />
			<debugger />
		</Extensions>
	</Project>
</CodeBlocks_project_file>
